// !$*UTF8*$!
{
	archiveVersion = 1;
	classes = {
	};
	objectVersion = 56;
	objects = {

/* Begin PBXBuildFile section */
		14BA96292ABB17B000CBAE42 /* AppDelegate.swift in Sources */ = {isa = PBXBuildFile; fileRef = 14BA96282ABB17B000CBAE42 /* AppDelegate.swift */; };
		14BA962B2ABB17B000CBAE42 /* SceneDelegate.swift in Sources */ = {isa = PBXBuildFile; fileRef = 14BA962A2ABB17B000CBAE42 /* SceneDelegate.swift */; };
		14BA962D2ABB17B000CBAE42 /* ViewController.swift in Sources */ = {isa = PBXBuildFile; fileRef = 14BA962C2ABB17B000CBAE42 /* ViewController.swift */; };
		14BA96302ABB17B000CBAE42 /* Main.storyboard in Resources */ = {isa = PBXBuildFile; fileRef = 14BA962E2ABB17B000CBAE42 /* Main.storyboard */; };
		14BA96322ABB17B100CBAE42 /* Assets.xcassets in Resources */ = {isa = PBXBuildFile; fileRef = 14BA96312ABB17B100CBAE42 /* Assets.xcassets */; };
		14BA96352ABB17B100CBAE42 /* LaunchScreen.storyboard in Resources */ = {isa = PBXBuildFile; fileRef = 14BA96332ABB17B100CBAE42 /* LaunchScreen.storyboard */; };
		14BA963D2ABB18AA00CBAE42 /* NotificationSettingView.swift in Sources */ = {isa = PBXBuildFile; fileRef = 14BA963C2ABB18AA00CBAE42 /* NotificationSettingView.swift */; };
/* End PBXBuildFile section */

/* Begin PBXFileReference section */
		14BA96252ABB17B000CBAE42 /* ViewDelegates.app */ = {isa = PBXFileReference; explicitFileType = wrapper.application; includeInIndex = 0; path = ViewDelegates.app; sourceTree = BUILT_PRODUCTS_DIR; };
		14BA96282ABB17B000CBAE42 /* AppDelegate.swift */ = {isa = PBXFileReference; lastKnownFileType = sourcecode.swift; path = AppDelegate.swift; sourceTree = "<group>"; };
		14BA962A2ABB17B000CBAE42 /* SceneDelegate.swift */ = {isa = PBXFileReference; lastKnownFileType = sourcecode.swift; path = SceneDelegate.swift; sourceTree = "<group>"; };
		14BA962C2ABB17B000CBAE42 /* ViewController.swift */ = {isa = PBXFileReference; lastKnownFileType = sourcecode.swift; path = ViewController.swift; sourceTree = "<group>"; };
		14BA962F2ABB17B000CBAE42 /* Base */ = {isa = PBXFileReference; lastKnownFileType = file.storyboard; name = Base; path = Base.lproj/Main.storyboard; sourceTree = "<group>"; };
		14BA96312ABB17B100CBAE42 /* Assets.xcassets */ = {isa = PBXFileReference; lastKnownFileType = folder.assetcatalog; path = Assets.xcassets; sourceTree = "<group>"; };
		14BA96342ABB17B100CBAE42 /* Base */ = {isa = PBXFileReference; lastKnownFileType = file.storyboard; name = Base; path = Base.lproj/LaunchScreen.storyboard; sourceTree = "<group>"; };
		14BA96362ABB17B100CBAE42 /* Info.plist */ = {isa = PBXFileReference; lastKnownFileType = text.plist.xml; path = Info.plist; sourceTree = "<group>"; };
		14BA963C2ABB18AA00CBAE42 /* NotificationSettingView.swift */ = {isa = PBXFileReference; lastKnownFileType = sourcecode.swift; path = NotificationSettingView.swift; sourceTree = "<group>"; };
/* End PBXFileReference section */

/* Begin PBXFrameworksBuildPhase section */
		14BA96222ABB17B000CBAE42 /* Frameworks */ = {
			isa = PBXFrameworksBuildPhase;
			buildActionMask = 2147483647;
			files = (
			);
			runOnlyForDeploymentPostprocessing = 0;
		};
/* End PBXFrameworksBuildPhase section */

/* Begin PBXGroup section */
		14BA961C2ABB17B000CBAE42 = {
			isa = PBXGroup;
			children = (
				14BA96272ABB17B000CBAE42 /* ViewDelegates */,
				14BA96262ABB17B000CBAE42 /* Products */,
			);
			sourceTree = "<group>";
		};
		14BA96262ABB17B000CBAE42 /* Products */ = {
			isa = PBXGroup;
			children = (
				14BA96252ABB17B000CBAE42 /* ViewDelegates.app */,
			);
			name = Products;
			sourceTree = "<group>";
		};
		14BA96272ABB17B000CBAE42 /* ViewDelegates */ = {
			isa = PBXGroup;
			children = (
				14BA963F2ABB18BF00CBAE42 /* Resources */,
				14BA963E2ABB18B900CBAE42 /* Application */,
				14BA962C2ABB17B000CBAE42 /* ViewController.swift */,
				14BA963C2ABB18AA00CBAE42 /* NotificationSettingView.swift */,
			);
			path = ViewDelegates;
			sourceTree = "<group>";
		};
		14BA963E2ABB18B900CBAE42 /* Application */ = {
			isa = PBXGroup;
			children = (
				14BA962A2ABB17B000CBAE42 /* SceneDelegate.swift */,
				14BA96282ABB17B000CBAE42 /* AppDelegate.swift */,
			);
			path = Application;
			sourceTree = "<group>";
		};
		14BA963F2ABB18BF00CBAE42 /* Resources */ = {
			isa = PBXGroup;
			children = (
				14BA96312ABB17B100CBAE42 /* Assets.xcassets */,
				14BA96332ABB17B100CBAE42 /* LaunchScreen.storyboard */,
				14BA96362ABB17B100CBAE42 /* Info.plist */,
				14BA962E2ABB17B000CBAE42 /* Main.storyboard */,
			);
			path = Resources;
			sourceTree = "<group>";
		};
/* End PBXGroup section */

/* Begin PBXNativeTarget section */
		14BA96242ABB17B000CBAE42 /* ViewDelegates */ = {
			isa = PBXNativeTarget;
			buildConfigurationList = 14BA96392ABB17B100CBAE42 /* Build configuration list for PBXNativeTarget "ViewDelegates" */;
			buildPhases = (
				14BA96212ABB17B000CBAE42 /* Sources */,
				14BA96222ABB17B000CBAE42 /* Frameworks */,
				14BA96232ABB17B000CBAE42 /* Resources */,
			);
			buildRules = (
			);
			dependencies = (
			);
			name = ViewDelegates;
			productName = ViewDelegates;
			productReference = 14BA96252ABB17B000CBAE42 /* ViewDelegates.app */;
			productType = "com.apple.product-type.application";
		};
/* End PBXNativeTarget section */

/* Begin PBXProject section */
		14BA961D2ABB17B000CBAE42 /* Project object */ = {
			isa = PBXProject;
			attributes = {
				BuildIndependentTargetsInParallel = 1;
				LastSwiftUpdateCheck = 1500;
				LastUpgradeCheck = 1500;
				TargetAttributes = {
					14BA96242ABB17B000CBAE42 = {
						CreatedOnToolsVersion = 15.0;
					};
				};
			};
			buildConfigurationList = 14BA96202ABB17B000CBAE42 /* Build configuration list for PBXProject "ViewDelegates" */;
			compatibilityVersion = "Xcode 14.0";
			developmentRegion = en;
			hasScannedForEncodings = 0;
			knownRegions = (
				en,
				Base,
			);
			mainGroup = 14BA961C2ABB17B000CBAE42;
			productRefGroup = 14BA96262ABB17B000CBAE42 /* Products */;
			projectDirPath = "";
			projectRoot = "";
			targets = (
				14BA96242ABB17B000CBAE42 /* ViewDelegates */,
			);
		};
/* End PBXProject section */

/* Begin PBXResourcesBuildPhase section */
		14BA96232ABB17B000CBAE42 /* Resources */ = {
			isa = PBXResourcesBuildPhase;
			buildActionMask = 2147483647;
			files = (
				14BA96352ABB17B100CBAE42 /* LaunchScreen.storyboard in Resources */,
				14BA96322ABB17B100CBAE42 /* Assets.xcassets in Resources */,
				14BA96302ABB17B000CBAE42 /* Main.storyboard in Resources */,
			);
			runOnlyForDeploymentPostprocessing = 0;
		};
/* End PBXResourcesBuildPhase section */

/* Begin PBXSourcesBuildPhase section */
		14BA96212ABB17B000CBAE42 /* Sources */ = {
			isa = PBXSourcesBuildPhase;
			buildActionMask = 2147483647;
			files = (
				14BA963D2ABB18AA00CBAE42 /* NotificationSettingView.swift in Sources */,
				14BA962D2ABB17B000CBAE42 /* ViewController.swift in Sources */,
				14BA96292ABB17B000CBAE42 /* AppDelegate.swift in Sources */,
				14BA962B2ABB17B000CBAE42 /* SceneDelegate.swift in Sources */,
			);
			runOnlyForDeploymentPostprocessing = 0;
		};
/* End PBXSourcesBuildPhase section */

/* Begin PBXVariantGroup section */
		14BA962E2ABB17B000CBAE42 /* Main.storyboard */ = {
			isa = PBXVariantGroup;
			children = (
				14BA962F2ABB17B000CBAE42 /* Base */,
			);
			name = Main.storyboard;
			sourceTree = "<group>";
		};
		14BA96332ABB17B100CBAE42 /* LaunchScreen.storyboard */ = {
			isa = PBXVariantGroup;
			children = (
				14BA96342ABB17B100CBAE42 /* Base */,
			);
			name = LaunchScreen.storyboard;
			sourceTree = "<group>";
		};
/* End PBXVariantGroup section */

/* Begin XCBuildConfiguration section */
		14BA96372ABB17B100CBAE42 /* Debug */ = {
			isa = XCBuildConfiguration;
			buildSettings = {
				ALWAYS_SEARCH_USER_PATHS = NO;
				ASSETCATALOG_COMPILER_GENERATE_SWIFT_ASSET_SYMBOL_EXTENSIONS = YES;
				CLANG_ANALYZER_NONNULL = YES;
				CLANG_ANALYZER_NUMBER_OBJECT_CONVERSION = YES_AGGRESSIVE;
				CLANG_CXX_LANGUAGE_STANDARD = "gnu++20";
				CLANG_ENABLE_MODULES = YES;
				CLANG_ENABLE_OBJC_ARC = YES;
				CLANG_ENABLE_OBJC_WEAK = YES;
				CLANG_WARN_BLOCK_CAPTURE_AUTORELEASING = YES;
				CLANG_WARN_BOOL_CONVERSION = YES;
				CLANG_WARN_COMMA = YES;
				CLANG_WARN_CONSTANT_CONVERSION = YES;
				CLANG_WARN_DEPRECATED_OBJC_IMPLEMENTATIONS = YES;
				CLANG_WARN_DIRECT_OBJC_ISA_USAGE = YES_ERROR;
				CLANG_WARN_DOCUMENTATION_COMMENTS = YES;
				CLANG_WARN_EMPTY_BODY = YES;
				CLANG_WARN_ENUM_CONVERSION = YES;
				CLANG_WARN_INFINITE_RECURSION = YES;
				CLANG_WARN_INT_CONVERSION = YES;
				CLANG_WARN_NON_LITERAL_NULL_CONVERSION = YES;
				CLANG_WARN_OBJC_IMPLICIT_RETAIN_SELF = YES;
				CLANG_WARN_OBJC_LITERAL_CONVERSION = YES;
				CLANG_WARN_OBJC_ROOT_CLASS = YES_ERROR;
				CLANG_WARN_QUOTED_INCLUDE_IN_FRAMEWORK_HEADER = YES;
				CLANG_WARN_RANGE_LOOP_ANALYSIS = YES;
				CLANG_WARN_STRICT_PROTOTYPES = YES;
				CLANG_WARN_SUSPICIOUS_MOVE = YES;
				CLANG_WARN_UNGUARDED_AVAILABILITY = YES_AGGRESSIVE;
				CLANG_WARN_UNREACHABLE_CODE = YES;
				CLANG_WARN__DUPLICATE_METHOD_MATCH = YES;
				COPY_PHASE_STRIP = NO;
				DEBUG_INFORMATION_FORMAT = dwarf;
				ENABLE_STRICT_OBJC_MSGSEND = YES;
				ENABLE_TESTABILITY = YES;
				ENABLE_USER_SCRIPT_SANDBOXING = YES;
				GCC_C_LANGUAGE_STANDARD = gnu17;
				GCC_DYNAMIC_NO_PIC = NO;
				GCC_NO_COMMON_BLOCKS = YES;
				GCC_OPTIMIZATION_LEVEL = 0;
				GCC_PREPROCESSOR_DEFINITIONS = (
					"DEBUG=1",
					"$(inherited)",
				);
				GCC_WARN_64_TO_32_BIT_CONVERSION = YES;
				GCC_WARN_ABOUT_RETURN_TYPE = YES_ERROR;
				GCC_WARN_UNDECLARED_SELECTOR = YES;
				GCC_WARN_UNINITIALIZED_AUTOS = YES_AGGRESSIVE;
				GCC_WARN_UNUSED_FUNCTION = YES;
				GCC_WARN_UNUSED_VARIABLE = YES;
				IPHONEOS_DEPLOYMENT_TARGET = 16.5;
				LOCALIZATION_PREFERS_STRING_CATALOGS = YES;
				MTL_ENABLE_DEBUG_INFO = INCLUDE_SOURCE;
				MTL_FAST_MATH = YES;
				ONLY_ACTIVE_ARCH = YES;
				SDKROOT = iphoneos;
				SWIFT_ACTIVE_COMPILATION_CONDITIONS = "DEBUG $(inherited)";
				SWIFT_OPTIMIZATION_LEVEL = "-Onone";
			};
			name = Debug;
		};
		14BA96382ABB17B100CBAE42 /* Release */ = {
			isa = XCBuildConfiguration;
			buildSettings = {
				ALWAYS_SEARCH_USER_PATHS = NO;
				ASSETCATALOG_COMPILER_GENERATE_SWIFT_ASSET_SYMBOL_EXTENSIONS = YES;
				CLANG_ANALYZER_NONNULL = YES;
				CLANG_ANALYZER_NUMBER_OBJECT_CONVERSION = YES_AGGRESSIVE;
				CLANG_CXX_LANGUAGE_STANDARD = "gnu++20";
				CLANG_ENABLE_MODULES = YES;
				CLANG_ENABLE_OBJC_ARC = YES;
				CLANG_ENABLE_OBJC_WEAK = YES;
				CLANG_WARN_BLOCK_CAPTURE_AUTORELEASING = YES;
				CLANG_WARN_BOOL_CONVERSION = YES;
				CLANG_WARN_COMMA = YES;
				CLANG_WARN_CONSTANT_CONVERSION = YES;
				CLANG_WARN_DEPRECATED_OBJC_IMPLEMENTATIONS = YES;
				CLANG_WARN_DIRECT_OBJC_ISA_USAGE = YES_ERROR;
				CLANG_WARN_DOCUMENTATION_COMMENTS = YES;
				CLANG_WARN_EMPTY_BODY = YES;
				CLANG_WARN_ENUM_CONVERSION = YES;
				CLANG_WARN_INFINITE_RECURSION = YES;
				CLANG_WARN_INT_CONVERSION = YES;
				CLANG_WARN_NON_LITERAL_NULL_CONVERSION = YES;
				CLANG_WARN_OBJC_IMPLICIT_RETAIN_SELF = YES;
				CLANG_WARN_OBJC_LITERAL_CONVERSION = YES;
				CLANG_WARN_OBJC_ROOT_CLASS = YES_ERROR;
				CLANG_WARN_QUOTED_INCLUDE_IN_FRAMEWORK_HEADER = YES;
				CLANG_WARN_RANGE_LOOP_ANALYSIS = YES;
				CLANG_WARN_STRICT_PROTOTYPES = YES;
				CLANG_WARN_SUSPICIOUS_MOVE = YES;
				CLANG_WARN_UNGUARDED_AVAILABILITY = YES_AGGRESSIVE;
				CLANG_WARN_UNREACHABLE_CODE = YES;
				CLANG_WARN__DUPLICATE_METHOD_MATCH = YES;
				COPY_PHASE_STRIP = NO;
				DEBUG_INFORMATION_FORMAT = "dwarf-with-dsym";
				ENABLE_NS_ASSERTIONS = NO;
				ENABLE_STRICT_OBJC_MSGSEND = YES;
				ENABLE_USER_SCRIPT_SANDBOXING = YES;
				GCC_C_LANGUAGE_STANDARD = gnu17;
				GCC_NO_COMMON_BLOCKS = YES;
				GCC_WARN_64_TO_32_BIT_CONVERSION = YES;
				GCC_WARN_ABOUT_RETURN_TYPE = YES_ERROR;
				GCC_WARN_UNDECLARED_SELECTOR = YES;
				GCC_WARN_UNINITIALIZED_AUTOS = YES_AGGRESSIVE;
				GCC_WARN_UNUSED_FUNCTION = YES;
				GCC_WARN_UNUSED_VARIABLE = YES;
				IPHONEOS_DEPLOYMENT_TARGET = 16.5;
				LOCALIZATION_PREFERS_STRING_CATALOGS = YES;
				MTL_ENABLE_DEBUG_INFO = NO;
				MTL_FAST_MATH = YES;
				SDKROOT = iphoneos;
				SWIFT_COMPILATION_MODE = wholemodule;
				VALIDATE_PRODUCT = YES;
			};
			name = Release;
		};
		14BA963A2ABB17B100CBAE42 /* Debug */ = {
			isa = XCBuildConfiguration;
			buildSettings = {
				ASSETCATALOG_COMPILER_APPICON_NAME = AppIcon;
				ASSETCATALOG_COMPILER_GLOBAL_ACCENT_COLOR_NAME = AccentColor;
				CODE_SIGN_STYLE = Automatic;
				CURRENT_PROJECT_VERSION = 1;
				GENERATE_INFOPLIST_FILE = YES;
				INFOPLIST_FILE = ViewDelegates/Resources/Info.plist;
				INFOPLIST_KEY_UIApplicationSupportsIndirectInputEvents = YES;
				INFOPLIST_KEY_UILaunchStoryboardName = LaunchScreen;
				INFOPLIST_KEY_UIMainStoryboardFile = Main;
				INFOPLIST_KEY_UISupportedInterfaceOrientations_iPad = "UIInterfaceOrientationPortrait UIInterfaceOrientationPortraitUpsideDown UIInterfaceOrientationLandscapeLeft UIInterfaceOrientationLandscapeRight";
				INFOPLIST_KEY_UISupportedInterfaceOrientations_iPhone = "UIInterfaceOrientationPortrait UIInterfaceOrientationLandscapeLeft UIInterfaceOrientationLandscapeRight";
				IPHONEOS_DEPLOYMENT_TARGET = 17.0;
				LD_RUNPATH_SEARCH_PATHS = (
					"$(inherited)",
					"@executable_path/Frameworks",
				);
				MARKETING_VERSION = 1.0;
				PRODUCT_BUNDLE_IDENTIFIER = "Alexey-Manankov.ViewDelegates";
				PRODUCT_NAME = "$(TARGET_NAME)";
				SWIFT_EMIT_LOC_STRINGS = YES;
				SWIFT_VERSION = 5.0;
				TARGETED_DEVICE_FAMILY = "1,2";
			};
			name = Debug;
		};
		14BA963B2ABB17B100CBAE42 /* Release */ = {
			isa = XCBuildConfiguration;
			buildSettings = {
				ASSETCATALOG_COMPILER_APPICON_NAME = AppIcon;
				ASSETCATALOG_COMPILER_GLOBAL_ACCENT_COLOR_NAME = AccentColor;
				CODE_SIGN_STYLE = Automatic;
				CURRENT_PROJECT_VERSION = 1;
				GENERATE_INFOPLIST_FILE = YES;
				INFOPLIST_FILE = ViewDelegates/Resources/Info.plist;
				INFOPLIST_KEY_UIApplicationSupportsIndirectInputEvents = YES;
				INFOPLIST_KEY_UILaunchStoryboardName = LaunchScreen;
				INFOPLIST_KEY_UIMainStoryboardFile = Main;
				INFOPLIST_KEY_UISupportedInterfaceOrientations_iPad = "UIInterfaceOrientationPortrait UIInterfaceOrientationPortraitUpsideDown UIInterfaceOrientationLandscapeLeft UIInterfaceOrientationLandscapeRight";
				INFOPLIST_KEY_UISupportedInterfaceOrientations_iPhone = "UIInterfaceOrientationPortrait UIInterfaceOrientationLandscapeLeft UIInterfaceOrientationLandscapeRight";
				IPHONEOS_DEPLOYMENT_TARGET = 17.0;
				LD_RUNPATH_SEARCH_PATHS = (
					"$(inherited)",
					"@executable_path/Frameworks",
				);
				MARKETING_VERSION = 1.0;
				PRODUCT_BUNDLE_IDENTIFIER = "Alexey-Manankov.ViewDelegates";
				PRODUCT_NAME = "$(TARGET_NAME)";
				SWIFT_EMIT_LOC_STRINGS = YES;
				SWIFT_VERSION = 5.0;
				TARGETED_DEVICE_FAMILY = "1,2";
			};
			name = Release;
		};
/* End XCBuildConfiguration section */

/* Begin XCConfigurationList section */
		14BA96202ABB17B000CBAE42 /* Build configuration list for PBXProject "ViewDelegates" */ = {
			isa = XCConfigurationList;
			buildConfigurations = (
				14BA96372ABB17B100CBAE42 /* Debug */,
				14BA96382ABB17B100CBAE42 /* Release */,
			);
			defaultConfigurationIsVisible = 0;
			defaultConfigurationName = Release;
		};
		14BA96392ABB17B100CBAE42 /* Build configuration list for PBXNativeTarget "ViewDelegates" */ = {
			isa = XCConfigurationList;
			buildConfigurations = (
				14BA963A2ABB17B100CBAE42 /* Debug */,
				14BA963B2ABB17B100CBAE42 /* Release */,
			);
			defaultConfigurationIsVisible = 0;
			defaultConfigurationName = Release;
		};
/* End XCConfigurationList section */
	};
	rootObject = 14BA961D2ABB17B000CBAE42 /* Project object */;
}
